
Microsoft Visual Studio Solution File, Format Version 12.00
# Visual Studio Version 17
VisualStudioVersion = 17.9.34902.65
MinimumVisualStudioVersion = 10.0.40219.1
Project("{FAE04EC0-301F-11D3-BF4B-00C04F79EFBC}") = "RomanceTweaker", "RomanceTweaker.csproj", "{C2CD65F6-9A3A-49C2-959F-2908B28A0F0E}"
EndProject
Global
	GlobalSection(SolutionConfigurationPlatforms) = preSolution
		Debug|Any CPU = Debug|Any CPU
		Release|Any CPU = Release|Any CPU
	EndGlobalSection
	GlobalSection(ProjectConfigurationPlatforms) = postSolution
		{C2CD65F6-9A3A-49C2-959F-2908B28A0F0E}.Debug|Any CPU.ActiveCfg = Debug|Any CPU
		{C2CD65F6-9A3A-49C2-959F-2908B28A0F0E}.Debug|Any CPU.Build.0 = Debug|Any CPU
		{C2CD65F6-9A3A-49C2-959F-2908B28A0F0E}.Release|Any CPU.ActiveCfg = Release|Any CPU
		{C2CD65F6-9A3A-49C2-959F-2908B28A0F0E}.Release|Any CPU.Build.0 = Release|Any CPU
	EndGlobalSection
	GlobalSection(SolutionProperties) = preSolution
		HideSolutionNode = FALSE
	EndGlobalSection
	GlobalSection(ExtensibilityGlobals) = postSolution
		SolutionGuid = {051692D6-E31E-44A1-9392-DF442DCAE7F1}
	EndGlobalSection
EndGlobal
